PODS:
  - AFNetworking (3.2.1):
    - AFNetworking/NSURLSession (= 3.2.1)
    - AFNetworking/Reachability (= 3.2.1)
    - AFNetworking/Security (= 3.2.1)
    - AFNetworking/Serialization (= 3.2.1)
    - AFNetworking/UIKit (= 3.2.1)
  - AFNetworking/NSURLSession (3.2.1):
    - AFNetworking/Reachability
    - AFNetworking/Security
    - AFNetworking/Serialization
  - AFNetworking/Reachability (3.2.1)
  - AFNetworking/Security (3.2.1)
  - AFNetworking/Serialization (3.2.1)
  - AFNetworking/UIKit (3.2.1):
    - AFNetworking/NSURLSession
  - Aspects (1.4.1)
  - fishhook (0.2)
  - ReactiveObjC (3.1.1)
  - RSSwizzle (0.1.0)
  - SDWebImage (5.11.1):
    - SDWebImage/Core (= 5.11.1)
  - SDWebImage/Core (5.11.1)
  - SFCore (0.1.0)

DEPENDENCIES:
  - AFNetworking (= 3.2.1)
  - Aspects
  - fishhook
  - ReactiveObjC
  - RSSwizzle
  - SDWebImage
  - SFCore (= 0.1.0)

SPEC REPOS:
  https://github.com/CocoaPods/Specs.git:
    - AFNetworking
    - Aspects
    - fishhook
    - ReactiveObjC
    - RSSwizzle
    - SDWebImage
    - SFCore

SPEC CHECKSUMS:
  AFNetworking: cb604b1c2bded0871f5f61f5d53653739e841d6b
  Aspects: 7595ba96a6727a58ebcbfc954497fc5d2fdde546
  fishhook: ea19933abfe8f2f52c55fd8b6e2718467d3ebc89
  ReactiveObjC: 011caa393aa0383245f2dcf9bf02e86b80b36040
  RSSwizzle: d561958f595028bfcef98c7d55c318b3878a61c6
  SDWebImage: a7f831e1a65eb5e285e3fb046a23fcfbf08e696d
  SFCore: 80db410e68deb69a821594ea43c27633be986d11

PODFILE CHECKSUM: b9b76868cc36b043997407e9d3f3804d39107152

COCOAPODS: 1.12.1
